// !$*UTF8*$!
{
	archiveVersion = 1;
	classes = {
	};
	objectVersion = 55;
	objects = {

/* Begin PBXBuildFile section */
		D20F46CD27D62CCA00B1042E /* AppDelegate.swift in Sources */ = {isa = PBXBuildFile; fileRef = D20F46CC27D62CCA00B1042E /* AppDelegate.swift */; };
		D20F46D127D62CCA00B1042E /* Main.html in Resources */ = {isa = PBXBuildFile; fileRef = D20F46CF27D62CCA00B1042E /* Main.html */; };
		D20F46D327D62CCA00B1042E /* Icon.png in Resources */ = {isa = PBXBuildFile; fileRef = D20F46D227D62CCA00B1042E /* Icon.png */; };
		D20F46D527D62CCA00B1042E /* Style.css in Resources */ = {isa = PBXBuildFile; fileRef = D20F46D427D62CCA00B1042E /* Style.css */; };
		D20F46D727D62CCA00B1042E /* SceneDelegate.swift in Sources */ = {isa = PBXBuildFile; fileRef = D20F46D627D62CCA00B1042E /* SceneDelegate.swift */; };
		D20F46D927D62CCA00B1042E /* ViewController.swift in Sources */ = {isa = PBXBuildFile; fileRef = D20F46D827D62CCA00B1042E /* ViewController.swift */; };
		D20F46DC27D62CCA00B1042E /* LaunchScreen.storyboard in Resources */ = {isa = PBXBuildFile; fileRef = D20F46DA27D62CCA00B1042E /* LaunchScreen.storyboard */; };
		D20F46DF27D62CCA00B1042E /* Main.storyboard in Resources */ = {isa = PBXBuildFile; fileRef = D20F46DD27D62CCA00B1042E /* Main.storyboard */; };
		D20F46EB27D62CCC00B1042E /* idv_scott_zhtranslateTests.swift in Sources */ = {isa = PBXBuildFile; fileRef = D20F46EA27D62CCC00B1042E /* idv_scott_zhtranslateTests.swift */; };
		D20F46F527D62CCC00B1042E /* idv_scott_zhtranslateUITests.swift in Sources */ = {isa = PBXBuildFile; fileRef = D20F46F427D62CCC00B1042E /* idv_scott_zhtranslateUITests.swift */; };
		D20F46F727D62CCC00B1042E /* idv_scott_zhtranslateUITestsLaunchTests.swift in Sources */ = {isa = PBXBuildFile; fileRef = D20F46F627D62CCC00B1042E /* idv_scott_zhtranslateUITestsLaunchTests.swift */; };
		D20F46FD27D62CCC00B1042E /* idv.scott.zhtranslate Extension.appex in Embed App Extensions */ = {isa = PBXBuildFile; fileRef = D20F46FC27D62CCC00B1042E /* idv.scott.zhtranslate Extension.appex */; settings = {ATTRIBUTES = (RemoveHeadersOnCopy, ); }; };
		D20F470227D62CCC00B1042E /* SafariWebExtensionHandler.swift in Sources */ = {isa = PBXBuildFile; fileRef = D20F470127D62CCC00B1042E /* SafariWebExtensionHandler.swift */; };
		D20F470527D62CCC00B1042E /* _locales in Resources */ = {isa = PBXBuildFile; fileRef = D20F470427D62CCC00B1042E /* _locales */; };
		D20F470727D62CCC00B1042E /* images in Resources */ = {isa = PBXBuildFile; fileRef = D20F470627D62CCC00B1042E /* images */; };
		D20F470927D62CCC00B1042E /* manifest.json in Resources */ = {isa = PBXBuildFile; fileRef = D20F470827D62CCC00B1042E /* manifest.json */; };
		D20F470B27D62CCC00B1042E /* background.js in Resources */ = {isa = PBXBuildFile; fileRef = D20F470A27D62CCC00B1042E /* background.js */; };
		D20F470D27D62CCC00B1042E /* content.js in Resources */ = {isa = PBXBuildFile; fileRef = D20F470C27D62CCC00B1042E /* content.js */; };
		D20F470F27D62CCC00B1042E /* popup.html in Resources */ = {isa = PBXBuildFile; fileRef = D20F470E27D62CCC00B1042E /* popup.html */; };
		D20F471127D62CCC00B1042E /* popup.css in Resources */ = {isa = PBXBuildFile; fileRef = D20F471027D62CCC00B1042E /* popup.css */; };
		D20F471327D62CCC00B1042E /* popup.js in Resources */ = {isa = PBXBuildFile; fileRef = D20F471227D62CCC00B1042E /* popup.js */; };
		D20F471527D62CCC00B1042E /* Assets.xcassets in Resources */ = {isa = PBXBuildFile; fileRef = D20F46E027D62CCC00B1042E /* Assets.xcassets */; };
/* End PBXBuildFile section */

/* Begin PBXContainerItemProxy section */
		D20F46E727D62CCC00B1042E /* PBXContainerItemProxy */ = {
			isa = PBXContainerItemProxy;
			containerPortal = D20F46C127D62CCA00B1042E /* Project object */;
			proxyType = 1;
			remoteGlobalIDString = D20F46C827D62CCA00B1042E;
			remoteInfo = idv.scott.zhtranslate;
		};
		D20F46F127D62CCC00B1042E /* PBXContainerItemProxy */ = {
			isa = PBXContainerItemProxy;
			containerPortal = D20F46C127D62CCA00B1042E /* Project object */;
			proxyType = 1;
			remoteGlobalIDString = D20F46C827D62CCA00B1042E;
			remoteInfo = idv.scott.zhtranslate;
		};
		D20F46FE27D62CCC00B1042E /* PBXContainerItemProxy */ = {
			isa = PBXContainerItemProxy;
			containerPortal = D20F46C127D62CCA00B1042E /* Project object */;
			proxyType = 1;
			remoteGlobalIDString = D20F46FB27D62CCC00B1042E;
			remoteInfo = "idv.scott.zhtranslate Extension";
		};
/* End PBXContainerItemProxy section */

/* Begin PBXCopyFilesBuildPhase section */
		D20F471B27D62CCC00B1042E /* Embed App Extensions */ = {
			isa = PBXCopyFilesBuildPhase;
			buildActionMask = 2147483647;
			dstPath = "";
			dstSubfolderSpec = 13;
			files = (
				D20F46FD27D62CCC00B1042E /* idv.scott.zhtranslate Extension.appex in Embed App Extensions */,
			);
			name = "Embed App Extensions";
			runOnlyForDeploymentPostprocessing = 0;
		};
/* End PBXCopyFilesBuildPhase section */

/* Begin PBXFileReference section */
		D20F46C927D62CCA00B1042E /* idv.scott.zhtranslate.app */ = {isa = PBXFileReference; explicitFileType = wrapper.application; includeInIndex = 0; path = idv.scott.zhtranslate.app; sourceTree = BUILT_PRODUCTS_DIR; };
		D20F46CC27D62CCA00B1042E /* AppDelegate.swift */ = {isa = PBXFileReference; lastKnownFileType = sourcecode.swift; path = AppDelegate.swift; sourceTree = "<group>"; };
		D20F46D027D62CCA00B1042E /* Base */ = {isa = PBXFileReference; lastKnownFileType = text.html; name = Base; path = ../Base.lproj/Main.html; sourceTree = "<group>"; };
		D20F46D227D62CCA00B1042E /* Icon.png */ = {isa = PBXFileReference; lastKnownFileType = image.png; path = Icon.png; sourceTree = "<group>"; };
		D20F46D427D62CCA00B1042E /* Style.css */ = {isa = PBXFileReference; lastKnownFileType = text.css; path = Style.css; sourceTree = "<group>"; };
		D20F46D627D62CCA00B1042E /* SceneDelegate.swift */ = {isa = PBXFileReference; lastKnownFileType = sourcecode.swift; path = SceneDelegate.swift; sourceTree = "<group>"; };
		D20F46D827D62CCA00B1042E /* ViewController.swift */ = {isa = PBXFileReference; lastKnownFileType = sourcecode.swift; path = ViewController.swift; sourceTree = "<group>"; };
		D20F46DB27D62CCA00B1042E /* Base */ = {isa = PBXFileReference; lastKnownFileType = file.storyboard; name = Base; path = Base.lproj/LaunchScreen.storyboard; sourceTree = "<group>"; };
		D20F46DE27D62CCA00B1042E /* Base */ = {isa = PBXFileReference; lastKnownFileType = file.storyboard; name = Base; path = Base.lproj/Main.storyboard; sourceTree = "<group>"; };
		D20F46E027D62CCC00B1042E /* Assets.xcassets */ = {isa = PBXFileReference; lastKnownFileType = folder.assetcatalog; path = Assets.xcassets; sourceTree = "<group>"; };
		D20F46E127D62CCC00B1042E /* Info.plist */ = {isa = PBXFileReference; lastKnownFileType = text.plist.xml; path = Info.plist; sourceTree = "<group>"; };
		D20F46E627D62CCC00B1042E /* idv.scott.zhtranslateTests.xctest */ = {isa = PBXFileReference; explicitFileType = wrapper.cfbundle; includeInIndex = 0; path = idv.scott.zhtranslateTests.xctest; sourceTree = BUILT_PRODUCTS_DIR; };
		D20F46EA27D62CCC00B1042E /* idv_scott_zhtranslateTests.swift */ = {isa = PBXFileReference; lastKnownFileType = sourcecode.swift; path = idv_scott_zhtranslateTests.swift; sourceTree = "<group>"; };
		D20F46F027D62CCC00B1042E /* idv.scott.zhtranslateUITests.xctest */ = {isa = PBXFileReference; explicitFileType = wrapper.cfbundle; includeInIndex = 0; path = idv.scott.zhtranslateUITests.xctest; sourceTree = BUILT_PRODUCTS_DIR; };
		D20F46F427D62CCC00B1042E /* idv_scott_zhtranslateUITests.swift */ = {isa = PBXFileReference; lastKnownFileType = sourcecode.swift; path = idv_scott_zhtranslateUITests.swift; sourceTree = "<group>"; };
		D20F46F627D62CCC00B1042E /* idv_scott_zhtranslateUITestsLaunchTests.swift */ = {isa = PBXFileReference; lastKnownFileType = sourcecode.swift; path = idv_scott_zhtranslateUITestsLaunchTests.swift; sourceTree = "<group>"; };
		D20F46FC27D62CCC00B1042E /* idv.scott.zhtranslate Extension.appex */ = {isa = PBXFileReference; explicitFileType = "wrapper.app-extension"; includeInIndex = 0; path = "idv.scott.zhtranslate Extension.appex"; sourceTree = BUILT_PRODUCTS_DIR; };
		D20F470127D62CCC00B1042E /* SafariWebExtensionHandler.swift */ = {isa = PBXFileReference; lastKnownFileType = sourcecode.swift; path = SafariWebExtensionHandler.swift; sourceTree = "<group>"; };
		D20F470427D62CCC00B1042E /* _locales */ = {isa = PBXFileReference; lastKnownFileType = folder; path = _locales; sourceTree = "<group>"; };
		D20F470627D62CCC00B1042E /* images */ = {isa = PBXFileReference; lastKnownFileType = folder; path = images; sourceTree = "<group>"; };
		D20F470827D62CCC00B1042E /* manifest.json */ = {isa = PBXFileReference; lastKnownFileType = text.json; path = manifest.json; sourceTree = "<group>"; };
		D20F470A27D62CCC00B1042E /* background.js */ = {isa = PBXFileReference; lastKnownFileType = sourcecode.javascript; path = background.js; sourceTree = "<group>"; };
		D20F470C27D62CCC00B1042E /* content.js */ = {isa = PBXFileReference; lastKnownFileType = sourcecode.javascript; path = content.js; sourceTree = "<group>"; };
		D20F470E27D62CCC00B1042E /* popup.html */ = {isa = PBXFileReference; lastKnownFileType = text.html; path = popup.html; sourceTree = "<group>"; };
		D20F471027D62CCC00B1042E /* popup.css */ = {isa = PBXFileReference; lastKnownFileType = text.css; path = popup.css; sourceTree = "<group>"; };
		D20F471227D62CCC00B1042E /* popup.js */ = {isa = PBXFileReference; lastKnownFileType = sourcecode.javascript; path = popup.js; sourceTree = "<group>"; };
		D20F471427D62CCC00B1042E /* Info.plist */ = {isa = PBXFileReference; lastKnownFileType = text.plist.xml; path = Info.plist; sourceTree = "<group>"; };
/* End PBXFileReference section */

/* Begin PBXFrameworksBuildPhase section */
		D20F46C627D62CCA00B1042E /* Frameworks */ = {
			isa = PBXFrameworksBuildPhase;
			buildActionMask = 2147483647;
			files = (
			);
			runOnlyForDeploymentPostprocessing = 0;
		};
		D20F46E327D62CCC00B1042E /* Frameworks */ = {
			isa = PBXFrameworksBuildPhase;
			buildActionMask = 2147483647;
			files = (
			);
			runOnlyForDeploymentPostprocessing = 0;
		};
		D20F46ED27D62CCC00B1042E /* Frameworks */ = {
			isa = PBXFrameworksBuildPhase;
			buildActionMask = 2147483647;
			files = (
			);
			runOnlyForDeploymentPostprocessing = 0;
		};
		D20F46F927D62CCC00B1042E /* Frameworks */ = {
			isa = PBXFrameworksBuildPhase;
			buildActionMask = 2147483647;
			files = (
			);
			runOnlyForDeploymentPostprocessing = 0;
		};
/* End PBXFrameworksBuildPhase section */

/* Begin PBXGroup section */
		D20F46C027D62CCA00B1042E = {
			isa = PBXGroup;
			children = (
				D20F46CB27D62CCA00B1042E /* idv.scott.zhtranslate */,
				D20F46E927D62CCC00B1042E /* idv.scott.zhtranslateTests */,
				D20F46F327D62CCC00B1042E /* idv.scott.zhtranslateUITests */,
				D20F470027D62CCC00B1042E /* idv.scott.zhtranslate Extension */,
				D20F46CA27D62CCA00B1042E /* Products */,
			);
			sourceTree = "<group>";
		};
		D20F46CA27D62CCA00B1042E /* Products */ = {
			isa = PBXGroup;
			children = (
				D20F46C927D62CCA00B1042E /* idv.scott.zhtranslate.app */,
				D20F46E627D62CCC00B1042E /* idv.scott.zhtranslateTests.xctest */,
				D20F46F027D62CCC00B1042E /* idv.scott.zhtranslateUITests.xctest */,
				D20F46FC27D62CCC00B1042E /* idv.scott.zhtranslate Extension.appex */,
			);
			name = Products;
			sourceTree = "<group>";
		};
		D20F46CB27D62CCA00B1042E /* idv.scott.zhtranslate */ = {
			isa = PBXGroup;
			children = (
				D20F46CC27D62CCA00B1042E /* AppDelegate.swift */,
				D20F46D627D62CCA00B1042E /* SceneDelegate.swift */,
				D20F46D827D62CCA00B1042E /* ViewController.swift */,
				D20F46DA27D62CCA00B1042E /* LaunchScreen.storyboard */,
				D20F46DD27D62CCA00B1042E /* Main.storyboard */,
				D20F46E027D62CCC00B1042E /* Assets.xcassets */,
				D20F46E127D62CCC00B1042E /* Info.plist */,
				D20F46CE27D62CCA00B1042E /* Resources */,
			);
			path = idv.scott.zhtranslate;
			sourceTree = "<group>";
		};
		D20F46CE27D62CCA00B1042E /* Resources */ = {
			isa = PBXGroup;
			children = (
				D20F46CF27D62CCA00B1042E /* Main.html */,
				D20F46D227D62CCA00B1042E /* Icon.png */,
				D20F46D427D62CCA00B1042E /* Style.css */,
			);
			path = Resources;
			sourceTree = "<group>";
		};
		D20F46E927D62CCC00B1042E /* idv.scott.zhtranslateTests */ = {
			isa = PBXGroup;
			children = (
				D20F46EA27D62CCC00B1042E /* idv_scott_zhtranslateTests.swift */,
			);
			path = idv.scott.zhtranslateTests;
			sourceTree = "<group>";
		};
		D20F46F327D62CCC00B1042E /* idv.scott.zhtranslateUITests */ = {
			isa = PBXGroup;
			children = (
				D20F46F427D62CCC00B1042E /* idv_scott_zhtranslateUITests.swift */,
				D20F46F627D62CCC00B1042E /* idv_scott_zhtranslateUITestsLaunchTests.swift */,
			);
			path = idv.scott.zhtranslateUITests;
			sourceTree = "<group>";
		};
		D20F470027D62CCC00B1042E /* idv.scott.zhtranslate Extension */ = {
			isa = PBXGroup;
			children = (
				D20F470127D62CCC00B1042E /* SafariWebExtensionHandler.swift */,
				D20F471427D62CCC00B1042E /* Info.plist */,
				D20F470327D62CCC00B1042E /* Resources */,
			);
			path = "idv.scott.zhtranslate Extension";
			sourceTree = "<group>";
		};
		D20F470327D62CCC00B1042E /* Resources */ = {
			isa = PBXGroup;
			children = (
				D20F470427D62CCC00B1042E /* _locales */,
				D20F470627D62CCC00B1042E /* images */,
				D20F470827D62CCC00B1042E /* manifest.json */,
				D20F470A27D62CCC00B1042E /* background.js */,
				D20F470C27D62CCC00B1042E /* content.js */,
				D20F470E27D62CCC00B1042E /* popup.html */,
				D20F471027D62CCC00B1042E /* popup.css */,
				D20F471227D62CCC00B1042E /* popup.js */,
			);
			path = Resources;
			sourceTree = "<group>";
		};
/* End PBXGroup section */

/* Begin PBXNativeTarget section */
		D20F46C827D62CCA00B1042E /* idv.scott.zhtranslate */ = {
			isa = PBXNativeTarget;
			buildConfigurationList = D20F471C27D62CCC00B1042E /* Build configuration list for PBXNativeTarget "idv.scott.zhtranslate" */;
			buildPhases = (
				D20F46C527D62CCA00B1042E /* Sources */,
				D20F46C627D62CCA00B1042E /* Frameworks */,
				D20F46C727D62CCA00B1042E /* Resources */,
				D20F471B27D62CCC00B1042E /* Embed App Extensions */,
			);
			buildRules = (
			);
			dependencies = (
				D20F46FF27D62CCC00B1042E /* PBXTargetDependency */,
			);
			name = idv.scott.zhtranslate;
			productName = idv.scott.zhtranslate;
			productReference = D20F46C927D62CCA00B1042E /* idv.scott.zhtranslate.app */;
			productType = "com.apple.product-type.application";
		};
		D20F46E527D62CCC00B1042E /* idv.scott.zhtranslateTests */ = {
			isa = PBXNativeTarget;
			buildConfigurationList = D20F471F27D62CCC00B1042E /* Build configuration list for PBXNativeTarget "idv.scott.zhtranslateTests" */;
			buildPhases = (
				D20F46E227D62CCC00B1042E /* Sources */,
				D20F46E327D62CCC00B1042E /* Frameworks */,
				D20F46E427D62CCC00B1042E /* Resources */,
			);
			buildRules = (
			);
			dependencies = (
				D20F46E827D62CCC00B1042E /* PBXTargetDependency */,
			);
			name = idv.scott.zhtranslateTests;
			productName = idv.scott.zhtranslateTests;
			productReference = D20F46E627D62CCC00B1042E /* idv.scott.zhtranslateTests.xctest */;
			productType = "com.apple.product-type.bundle.unit-test";
		};
		D20F46EF27D62CCC00B1042E /* idv.scott.zhtranslateUITests */ = {
			isa = PBXNativeTarget;
			buildConfigurationList = D20F472227D62CCC00B1042E /* Build configuration list for PBXNativeTarget "idv.scott.zhtranslateUITests" */;
			buildPhases = (
				D20F46EC27D62CCC00B1042E /* Sources */,
				D20F46ED27D62CCC00B1042E /* Frameworks */,
				D20F46EE27D62CCC00B1042E /* Resources */,
			);
			buildRules = (
			);
			dependencies = (
				D20F46F227D62CCC00B1042E /* PBXTargetDependency */,
			);
			name = idv.scott.zhtranslateUITests;
			productName = idv.scott.zhtranslateUITests;
			productReference = D20F46F027D62CCC00B1042E /* idv.scott.zhtranslateUITests.xctest */;
			productType = "com.apple.product-type.bundle.ui-testing";
		};
		D20F46FB27D62CCC00B1042E /* idv.scott.zhtranslate Extension */ = {
			isa = PBXNativeTarget;
			buildConfigurationList = D20F471827D62CCC00B1042E /* Build configuration list for PBXNativeTarget "idv.scott.zhtranslate Extension" */;
			buildPhases = (
				D20F46F827D62CCC00B1042E /* Sources */,
				D20F46F927D62CCC00B1042E /* Frameworks */,
				D20F46FA27D62CCC00B1042E /* Resources */,
			);
			buildRules = (
			);
			dependencies = (
			);
			name = "idv.scott.zhtranslate Extension";
			productName = "idv.scott.zhtranslate Extension";
			productReference = D20F46FC27D62CCC00B1042E /* idv.scott.zhtranslate Extension.appex */;
			productType = "com.apple.product-type.app-extension";
		};
/* End PBXNativeTarget section */

/* Begin PBXProject section */
		D20F46C127D62CCA00B1042E /* Project object */ = {
			isa = PBXProject;
			attributes = {
				BuildIndependentTargetsInParallel = 1;
				LastSwiftUpdateCheck = 1320;
				LastUpgradeCheck = 1320;
				TargetAttributes = {
					D20F46C827D62CCA00B1042E = {
						CreatedOnToolsVersion = 13.2.1;
					};
					D20F46E527D62CCC00B1042E = {
						CreatedOnToolsVersion = 13.2.1;
						TestTargetID = D20F46C827D62CCA00B1042E;
					};
					D20F46EF27D62CCC00B1042E = {
						CreatedOnToolsVersion = 13.2.1;
						TestTargetID = D20F46C827D62CCA00B1042E;
					};
					D20F46FB27D62CCC00B1042E = {
						CreatedOnToolsVersion = 13.2.1;
					};
				};
			};
			buildConfigurationList = D20F46C427D62CCA00B1042E /* Build configuration list for PBXProject "idv.scott.zhtranslate" */;
			compatibilityVersion = "Xcode 13.0";
			developmentRegion = en;
			hasScannedForEncodings = 0;
			knownRegions = (
				en,
				Base,
			);
			mainGroup = D20F46C027D62CCA00B1042E;
			productRefGroup = D20F46CA27D62CCA00B1042E /* Products */;
			projectDirPath = "";
			projectRoot = "";
			targets = (
				D20F46C827D62CCA00B1042E /* idv.scott.zhtranslate */,
				D20F46E527D62CCC00B1042E /* idv.scott.zhtranslateTests */,
				D20F46EF27D62CCC00B1042E /* idv.scott.zhtranslateUITests */,
				D20F46FB27D62CCC00B1042E /* idv.scott.zhtranslate Extension */,
			);
		};
/* End PBXProject section */

/* Begin PBXResourcesBuildPhase section */
		D20F46C727D62CCA00B1042E /* Resources */ = {
			isa = PBXResourcesBuildPhase;
			buildActionMask = 2147483647;
			files = (
				D20F46D327D62CCA00B1042E /* Icon.png in Resources */,
				D20F46DF27D62CCA00B1042E /* Main.storyboard in Resources */,
				D20F46DC27D62CCA00B1042E /* LaunchScreen.storyboard in Resources */,
				D20F46D127D62CCA00B1042E /* Main.html in Resources */,
				D20F471527D62CCC00B1042E /* Assets.xcassets in Resources */,
				D20F46D527D62CCA00B1042E /* Style.css in Resources */,
			);
			runOnlyForDeploymentPostprocessing = 0;
		};
		D20F46E427D62CCC00B1042E /* Resources */ = {
			isa = PBXResourcesBuildPhase;
			buildActionMask = 2147483647;
			files = (
			);
			runOnlyForDeploymentPostprocessing = 0;
		};
		D20F46EE27D62CCC00B1042E /* Resources */ = {
			isa = PBXResourcesBuildPhase;
			buildActionMask = 2147483647;
			files = (
			);
			runOnlyForDeploymentPostprocessing = 0;
		};
		D20F46FA27D62CCC00B1042E /* Resources */ = {
			isa = PBXResourcesBuildPhase;
			buildActionMask = 2147483647;
			files = (
				D20F470B27D62CCC00B1042E /* background.js in Resources */,
				D20F471127D62CCC00B1042E /* popup.css in Resources */,
				D20F470F27D62CCC00B1042E /* popup.html in Resources */,
				D20F470727D62CCC00B1042E /* images in Resources */,
				D20F470927D62CCC00B1042E /* manifest.json in Resources */,
				D20F470527D62CCC00B1042E /* _locales in Resources */,
				D20F470D27D62CCC00B1042E /* content.js in Resources */,
				D20F471327D62CCC00B1042E /* popup.js in Resources */,
			);
			runOnlyForDeploymentPostprocessing = 0;
		};
/* End PBXResourcesBuildPhase section */

/* Begin PBXSourcesBuildPhase section */
		D20F46C527D62CCA00B1042E /* Sources */ = {
			isa = PBXSourcesBuildPhase;
			buildActionMask = 2147483647;
			files = (
				D20F46D927D62CCA00B1042E /* ViewController.swift in Sources */,
				D20F46CD27D62CCA00B1042E /* AppDelegate.swift in Sources */,
				D20F46D727D62CCA00B1042E /* SceneDelegate.swift in Sources */,
			);
			runOnlyForDeploymentPostprocessing = 0;
		};
		D20F46E227D62CCC00B1042E /* Sources */ = {
			isa = PBXSourcesBuildPhase;
			buildActionMask = 2147483647;
			files = (
				D20F46EB27D62CCC00B1042E /* idv_scott_zhtranslateTests.swift in Sources */,
			);
			runOnlyForDeploymentPostprocessing = 0;
		};
		D20F46EC27D62CCC00B1042E /* Sources */ = {
			isa = PBXSourcesBuildPhase;
			buildActionMask = 2147483647;
			files = (
				D20F46F527D62CCC00B1042E /* idv_scott_zhtranslateUITests.swift in Sources */,
				D20F46F727D62CCC00B1042E /* idv_scott_zhtranslateUITestsLaunchTests.swift in Sources */,
			);
			runOnlyForDeploymentPostprocessing = 0;
		};
		D20F46F827D62CCC00B1042E /* Sources */ = {
			isa = PBXSourcesBuildPhase;
			buildActionMask = 2147483647;
			files = (
				D20F470227D62CCC00B1042E /* SafariWebExtensionHandler.swift in Sources */,
			);
			runOnlyForDeploymentPostprocessing = 0;
		};
/* End PBXSourcesBuildPhase section */

/* Begin PBXTargetDependency section */
		D20F46E827D62CCC00B1042E /* PBXTargetDependency */ = {
			isa = PBXTargetDependency;
			target = D20F46C827D62CCA00B1042E /* idv.scott.zhtranslate */;
			targetProxy = D20F46E727D62CCC00B1042E /* PBXContainerItemProxy */;
		};
		D20F46F227D62CCC00B1042E /* PBXTargetDependency */ = {
			isa = PBXTargetDependency;
			target = D20F46C827D62CCA00B1042E /* idv.scott.zhtranslate */;
			targetProxy = D20F46F127D62CCC00B1042E /* PBXContainerItemProxy */;
		};
		D20F46FF27D62CCC00B1042E /* PBXTargetDependency */ = {
			isa = PBXTargetDependency;
			target = D20F46FB27D62CCC00B1042E /* idv.scott.zhtranslate Extension */;
			targetProxy = D20F46FE27D62CCC00B1042E /* PBXContainerItemProxy */;
		};
/* End PBXTargetDependency section */

/* Begin PBXVariantGroup section */
		D20F46CF27D62CCA00B1042E /* Main.html */ = {
			isa = PBXVariantGroup;
			children = (
				D20F46D027D62CCA00B1042E /* Base */,
			);
			name = Main.html;
			sourceTree = "<group>";
		};
		D20F46DA27D62CCA00B1042E /* LaunchScreen.storyboard */ = {
			isa = PBXVariantGroup;
			children = (
				D20F46DB27D62CCA00B1042E /* Base */,
			);
			name = LaunchScreen.storyboard;
			sourceTree = "<group>";
		};
		D20F46DD27D62CCA00B1042E /* Main.storyboard */ = {
			isa = PBXVariantGroup;
			children = (
				D20F46DE27D62CCA00B1042E /* Base */,
			);
			name = Main.storyboard;
			sourceTree = "<group>";
		};
/* End PBXVariantGroup section */

/* Begin XCBuildConfiguration section */
		D20F471627D62CCC00B1042E /* Debug */ = {
			isa = XCBuildConfiguration;
			buildSettings = {
				ALWAYS_SEARCH_USER_PATHS = NO;
				CLANG_ANALYZER_NONNULL = YES;
				CLANG_ANALYZER_NUMBER_OBJECT_CONVERSION = YES_AGGRESSIVE;
				CLANG_CXX_LANGUAGE_STANDARD = "gnu++17";
				CLANG_CXX_LIBRARY = "libc++";
				CLANG_ENABLE_MODULES = YES;
				CLANG_ENABLE_OBJC_ARC = YES;
				CLANG_ENABLE_OBJC_WEAK = YES;
				CLANG_WARN_BLOCK_CAPTURE_AUTORELEASING = YES;
				CLANG_WARN_BOOL_CONVERSION = YES;
				CLANG_WARN_COMMA = YES;
				CLANG_WARN_CONSTANT_CONVERSION = YES;
				CLANG_WARN_DEPRECATED_OBJC_IMPLEMENTATIONS = YES;
				CLANG_WARN_DIRECT_OBJC_ISA_USAGE = YES_ERROR;
				CLANG_WARN_DOCUMENTATION_COMMENTS = YES;
				CLANG_WARN_EMPTY_BODY = YES;
				CLANG_WARN_ENUM_CONVERSION = YES;
				CLANG_WARN_INFINITE_RECURSION = YES;
				CLANG_WARN_INT_CONVERSION = YES;
				CLANG_WARN_NON_LITERAL_NULL_CONVERSION = YES;
				CLANG_WARN_OBJC_IMPLICIT_RETAIN_SELF = YES;
				CLANG_WARN_OBJC_LITERAL_CONVERSION = YES;
				CLANG_WARN_OBJC_ROOT_CLASS = YES_ERROR;
				CLANG_WARN_QUOTED_INCLUDE_IN_FRAMEWORK_HEADER = YES;
				CLANG_WARN_RANGE_LOOP_ANALYSIS = YES;
				CLANG_WARN_STRICT_PROTOTYPES = YES;
				CLANG_WARN_SUSPICIOUS_MOVE = YES;
				CLANG_WARN_UNGUARDED_AVAILABILITY = YES_AGGRESSIVE;
				CLANG_WARN_UNREACHABLE_CODE = YES;
				CLANG_WARN__DUPLICATE_METHOD_MATCH = YES;
				COPY_PHASE_STRIP = NO;
				DEBUG_INFORMATION_FORMAT = dwarf;
				ENABLE_STRICT_OBJC_MSGSEND = YES;
				ENABLE_TESTABILITY = YES;
				GCC_C_LANGUAGE_STANDARD = gnu11;
				GCC_DYNAMIC_NO_PIC = NO;
				GCC_NO_COMMON_BLOCKS = YES;
				GCC_OPTIMIZATION_LEVEL = 0;
				GCC_PREPROCESSOR_DEFINITIONS = (
					"DEBUG=1",
					"$(inherited)",
				);
				GCC_WARN_64_TO_32_BIT_CONVERSION = YES;
				GCC_WARN_ABOUT_RETURN_TYPE = YES_ERROR;
				GCC_WARN_UNDECLARED_SELECTOR = YES;
				GCC_WARN_UNINITIALIZED_AUTOS = YES_AGGRESSIVE;
				GCC_WARN_UNUSED_FUNCTION = YES;
				GCC_WARN_UNUSED_VARIABLE = YES;
				IPHONEOS_DEPLOYMENT_TARGET = 15.2;
				MTL_ENABLE_DEBUG_INFO = INCLUDE_SOURCE;
				MTL_FAST_MATH = YES;
				ONLY_ACTIVE_ARCH = YES;
				SDKROOT = iphoneos;
				SWIFT_ACTIVE_COMPILATION_CONDITIONS = DEBUG;
				SWIFT_OPTIMIZATION_LEVEL = "-Onone";
			};
			name = Debug;
		};
		D20F471727D62CCC00B1042E /* Release */ = {
			isa = XCBuildConfiguration;
			buildSettings = {
				ALWAYS_SEARCH_USER_PATHS = NO;
				CLANG_ANALYZER_NONNULL = YES;
				CLANG_ANALYZER_NUMBER_OBJECT_CONVERSION = YES_AGGRESSIVE;
				CLANG_CXX_LANGUAGE_STANDARD = "gnu++17";
				CLANG_CXX_LIBRARY = "libc++";
				CLANG_ENABLE_MODULES = YES;
				CLANG_ENABLE_OBJC_ARC = YES;
				CLANG_ENABLE_OBJC_WEAK = YES;
				CLANG_WARN_BLOCK_CAPTURE_AUTORELEASING = YES;
				CLANG_WARN_BOOL_CONVERSION = YES;
				CLANG_WARN_COMMA = YES;
				CLANG_WARN_CONSTANT_CONVERSION = YES;
				CLANG_WARN_DEPRECATED_OBJC_IMPLEMENTATIONS = YES;
				CLANG_WARN_DIRECT_OBJC_ISA_USAGE = YES_ERROR;
				CLANG_WARN_DOCUMENTATION_COMMENTS = YES;
				CLANG_WARN_EMPTY_BODY = YES;
				CLANG_WARN_ENUM_CONVERSION = YES;
				CLANG_WARN_INFINITE_RECURSION = YES;
				CLANG_WARN_INT_CONVERSION = YES;
				CLANG_WARN_NON_LITERAL_NULL_CONVERSION = YES;
				CLANG_WARN_OBJC_IMPLICIT_RETAIN_SELF = YES;
				CLANG_WARN_OBJC_LITERAL_CONVERSION = YES;
				CLANG_WARN_OBJC_ROOT_CLASS = YES_ERROR;
				CLANG_WARN_QUOTED_INCLUDE_IN_FRAMEWORK_HEADER = YES;
				CLANG_WARN_RANGE_LOOP_ANALYSIS = YES;
				CLANG_WARN_STRICT_PROTOTYPES = YES;
				CLANG_WARN_SUSPICIOUS_MOVE = YES;
				CLANG_WARN_UNGUARDED_AVAILABILITY = YES_AGGRESSIVE;
				CLANG_WARN_UNREACHABLE_CODE = YES;
				CLANG_WARN__DUPLICATE_METHOD_MATCH = YES;
				COPY_PHASE_STRIP = NO;
				DEBUG_INFORMATION_FORMAT = "dwarf-with-dsym";
				ENABLE_NS_ASSERTIONS = NO;
				ENABLE_STRICT_OBJC_MSGSEND = YES;
				GCC_C_LANGUAGE_STANDARD = gnu11;
				GCC_NO_COMMON_BLOCKS = YES;
				GCC_WARN_64_TO_32_BIT_CONVERSION = YES;
				GCC_WARN_ABOUT_RETURN_TYPE = YES_ERROR;
				GCC_WARN_UNDECLARED_SELECTOR = YES;
				GCC_WARN_UNINITIALIZED_AUTOS = YES_AGGRESSIVE;
				GCC_WARN_UNUSED_FUNCTION = YES;
				GCC_WARN_UNUSED_VARIABLE = YES;
				IPHONEOS_DEPLOYMENT_TARGET = 15.2;
				MTL_ENABLE_DEBUG_INFO = NO;
				MTL_FAST_MATH = YES;
				SDKROOT = iphoneos;
				SWIFT_COMPILATION_MODE = wholemodule;
				SWIFT_OPTIMIZATION_LEVEL = "-O";
				VALIDATE_PRODUCT = YES;
			};
			name = Release;
		};
		D20F471927D62CCC00B1042E /* Debug */ = {
			isa = XCBuildConfiguration;
			buildSettings = {
				CODE_SIGN_STYLE = Automatic;
				CURRENT_PROJECT_VERSION = 1;
				DEVELOPMENT_TEAM = B2TB67C8KA;
				GENERATE_INFOPLIST_FILE = YES;
				INFOPLIST_FILE = "idv.scott.zhtranslate Extension/Info.plist";
				INFOPLIST_KEY_CFBundleDisplayName = "idv.scott.zhtranslate Extension";
				INFOPLIST_KEY_NSHumanReadableCopyright = "";
				IPHONEOS_DEPLOYMENT_TARGET = 15.0;
				LD_RUNPATH_SEARCH_PATHS = (
					"$(inherited)",
					"@executable_path/Frameworks",
					"@executable_path/../../Frameworks",
				);
				MARKETING_VERSION = 1.0;
				OTHER_LDFLAGS = (
					"-framework",
					SafariServices,
				);
				PRODUCT_BUNDLE_IDENTIFIER = "idv.scott.Chimera.idv-scott-zhtranslate.Extension";
				PRODUCT_NAME = "$(TARGET_NAME)";
				SKIP_INSTALL = YES;
				SWIFT_EMIT_LOC_STRINGS = YES;
				SWIFT_VERSION = 5.0;
				TARGETED_DEVICE_FAMILY = "1,2";
			};
			name = Debug;
		};
		D20F471A27D62CCC00B1042E /* Release */ = {
			isa = XCBuildConfiguration;
			buildSettings = {
				CODE_SIGN_STYLE = Automatic;
				CURRENT_PROJECT_VERSION = 1;
				DEVELOPMENT_TEAM = B2TB67C8KA;
				GENERATE_INFOPLIST_FILE = YES;
				INFOPLIST_FILE = "idv.scott.zhtranslate Extension/Info.plist";
				INFOPLIST_KEY_CFBundleDisplayName = "idv.scott.zhtranslate Extension";
				INFOPLIST_KEY_NSHumanReadableCopyright = "";
				IPHONEOS_DEPLOYMENT_TARGET = 15.0;
				LD_RUNPATH_SEARCH_PATHS = (
					"$(inherited)",
					"@executable_path/Frameworks",
					"@executable_path/../../Frameworks",
				);
				MARKETING_VERSION = 1.0;
				OTHER_LDFLAGS = (
					"-framework",
					SafariServices,
				);
				PRODUCT_BUNDLE_IDENTIFIER = "idv.scott.Chimera.idv-scott-zhtranslate.Extension";
				PRODUCT_NAME = "$(TARGET_NAME)";
				SKIP_INSTALL = YES;
				SWIFT_EMIT_LOC_STRINGS = YES;
				SWIFT_VERSION = 5.0;
				TARGETED_DEVICE_FAMILY = "1,2";
			};
			name = Release;
		};
		D20F471D27D62CCC00B1042E /* Debug */ = {
			isa = XCBuildConfiguration;
			buildSettings = {
				ALWAYS_EMBED_SWIFT_STANDARD_LIBRARIES = YES;
				ASSETCATALOG_COMPILER_APPICON_NAME = AppIcon;
				ASSETCATALOG_COMPILER_GLOBAL_ACCENT_COLOR_NAME = AccentColor;
				CODE_SIGN_STYLE = Automatic;
				CURRENT_PROJECT_VERSION = 1;
				DEVELOPMENT_TEAM = B2TB67C8KA;
				GENERATE_INFOPLIST_FILE = YES;
				INFOPLIST_FILE = idv.scott.zhtranslate/Info.plist;
				INFOPLIST_KEY_CFBundleDisplayName = idv.scott.zhtranslate;
				INFOPLIST_KEY_UIApplicationSupportsIndirectInputEvents = YES;
				INFOPLIST_KEY_UILaunchStoryboardName = LaunchScreen;
				INFOPLIST_KEY_UIMainStoryboardFile = Main;
				INFOPLIST_KEY_UISupportedInterfaceOrientations_iPad = "UIInterfaceOrientationPortrait UIInterfaceOrientationPortraitUpsideDown UIInterfaceOrientationLandscapeLeft UIInterfaceOrientationLandscapeRight";
				INFOPLIST_KEY_UISupportedInterfaceOrientations_iPhone = "UIInterfaceOrientationPortrait UIInterfaceOrientationLandscapeLeft UIInterfaceOrientationLandscapeRight";
				IPHONEOS_DEPLOYMENT_TARGET = 15.0;
				LD_RUNPATH_SEARCH_PATHS = (
					"$(inherited)",
					"@executable_path/Frameworks",
				);
				MARKETING_VERSION = 1.0;
				OTHER_LDFLAGS = (
					"-framework",
					SafariServices,
					"-framework",
					WebKit,
				);
				PRODUCT_BUNDLE_IDENTIFIER = "idv.scott.Chimera.idv-scott-zhtranslate";
				PRODUCT_NAME = "$(TARGET_NAME)";
				SWIFT_EMIT_LOC_STRINGS = YES;
				SWIFT_VERSION = 5.0;
				TARGETED_DEVICE_FAMILY = "1,2";
			};
			name = Debug;
		};
		D20F471E27D62CCC00B1042E /* Release */ = {
			isa = XCBuildConfiguration;
			buildSettings = {
				ALWAYS_EMBED_SWIFT_STANDARD_LIBRARIES = YES;
				ASSETCATALOG_COMPILER_APPICON_NAME = AppIcon;
				ASSETCATALOG_COMPILER_GLOBAL_ACCENT_COLOR_NAME = AccentColor;
				CODE_SIGN_STYLE = Automatic;
				CURRENT_PROJECT_VERSION = 1;
				DEVELOPMENT_TEAM = B2TB67C8KA;
				GENERATE_INFOPLIST_FILE = YES;
				INFOPLIST_FILE = idv.scott.zhtranslate/Info.plist;
				INFOPLIST_KEY_CFBundleDisplayName = idv.scott.zhtranslate;
				INFOPLIST_KEY_UIApplicationSupportsIndirectInputEvents = YES;
				INFOPLIST_KEY_UILaunchStoryboardName = LaunchScreen;
				INFOPLIST_KEY_UIMainStoryboardFile = Main;
				INFOPLIST_KEY_UISupportedInterfaceOrientations_iPad = "UIInterfaceOrientationPortrait UIInterfaceOrientationPortraitUpsideDown UIInterfaceOrientationLandscapeLeft UIInterfaceOrientationLandscapeRight";
				INFOPLIST_KEY_UISupportedInterfaceOrientations_iPhone = "UIInterfaceOrientationPortrait UIInterfaceOrientationLandscapeLeft UIInterfaceOrientationLandscapeRight";
				IPHONEOS_DEPLOYMENT_TARGET = 15.0;
				LD_RUNPATH_SEARCH_PATHS = (
					"$(inherited)",
					"@executable_path/Frameworks",
				);
				MARKETING_VERSION = 1.0;
				OTHER_LDFLAGS = (
					"-framework",
					SafariServices,
					"-framework",
					WebKit,
				);
				PRODUCT_BUNDLE_IDENTIFIER = "idv.scott.Chimera.idv-scott-zhtranslate";
				PRODUCT_NAME = "$(TARGET_NAME)";
				SWIFT_EMIT_LOC_STRINGS = YES;
				SWIFT_VERSION = 5.0;
				TARGETED_DEVICE_FAMILY = "1,2";
			};
			name = Release;
		};
		D20F472027D62CCC00B1042E /* Debug */ = {
			isa = XCBuildConfiguration;
			buildSettings = {
				ALWAYS_EMBED_SWIFT_STANDARD_LIBRARIES = YES;
				BUNDLE_LOADER = "$(TEST_HOST)";
				CODE_SIGN_STYLE = Automatic;
				CURRENT_PROJECT_VERSION = 1;
				DEVELOPMENT_TEAM = B2TB67C8KA;
				GENERATE_INFOPLIST_FILE = YES;
				IPHONEOS_DEPLOYMENT_TARGET = 15.0;
				MARKETING_VERSION = 1.0;
				PRODUCT_BUNDLE_IDENTIFIER = "idv.scott.Chimera.idv-scott-zhtranslateTests";
				PRODUCT_NAME = "$(TARGET_NAME)";
				SWIFT_EMIT_LOC_STRINGS = NO;
				SWIFT_VERSION = 5.0;
				TARGETED_DEVICE_FAMILY = "1,2";
				TEST_HOST = "$(BUILT_PRODUCTS_DIR)/idv.scott.zhtranslate.app/idv.scott.zhtranslate";
			};
			name = Debug;
		};
		D20F472127D62CCC00B1042E /* Release */ = {
			isa = XCBuildConfiguration;
			buildSettings = {
				ALWAYS_EMBED_SWIFT_STANDARD_LIBRARIES = YES;
				BUNDLE_LOADER = "$(TEST_HOST)";
				CODE_SIGN_STYLE = Automatic;
				CURRENT_PROJECT_VERSION = 1;
				DEVELOPMENT_TEAM = B2TB67C8KA;
				GENERATE_INFOPLIST_FILE = YES;
				IPHONEOS_DEPLOYMENT_TARGET = 15.0;
				MARKETING_VERSION = 1.0;
				PRODUCT_BUNDLE_IDENTIFIER = "idv.scott.Chimera.idv-scott-zhtranslateTests";
				PRODUCT_NAME = "$(TARGET_NAME)";
				SWIFT_EMIT_LOC_STRINGS = NO;
				SWIFT_VERSION = 5.0;
				TARGETED_DEVICE_FAMILY = "1,2";
				TEST_HOST = "$(BUILT_PRODUCTS_DIR)/idv.scott.zhtranslate.app/idv.scott.zhtranslate";
			};
			name = Release;
		};
		D20F472327D62CCC00B1042E /* Debug */ = {
			isa = XCBuildConfiguration;
			buildSettings = {
				ALWAYS_EMBED_SWIFT_STANDARD_LIBRARIES = YES;
				CODE_SIGN_STYLE = Automatic;
				CURRENT_PROJECT_VERSION = 1;
				DEVELOPMENT_TEAM = B2TB67C8KA;
				GENERATE_INFOPLIST_FILE = YES;
				MARKETING_VERSION = 1.0;
				PRODUCT_BUNDLE_IDENTIFIER = "idv.scott.Chimera.idv-scott-zhtranslateUITests";
				PRODUCT_NAME = "$(TARGET_NAME)";
				SWIFT_EMIT_LOC_STRINGS = NO;
				SWIFT_VERSION = 5.0;
				TARGETED_DEVICE_FAMILY = "1,2";
				TEST_TARGET_NAME = idv.scott.zhtranslate;
			};
			name = Debug;
		};
		D20F472427D62CCC00B1042E /* Release */ = {
			isa = XCBuildConfiguration;
			buildSettings = {
				ALWAYS_EMBED_SWIFT_STANDARD_LIBRARIES = YES;
				CODE_SIGN_STYLE = Automatic;
				CURRENT_PROJECT_VERSION = 1;
				DEVELOPMENT_TEAM = B2TB67C8KA;
				GENERATE_INFOPLIST_FILE = YES;
				MARKETING_VERSION = 1.0;
				PRODUCT_BUNDLE_IDENTIFIER = "idv.scott.Chimera.idv-scott-zhtranslateUITests";
				PRODUCT_NAME = "$(TARGET_NAME)";
				SWIFT_EMIT_LOC_STRINGS = NO;
				SWIFT_VERSION = 5.0;
				TARGETED_DEVICE_FAMILY = "1,2";
				TEST_TARGET_NAME = idv.scott.zhtranslate;
			};
			name = Release;
		};
/* End XCBuildConfiguration section */

/* Begin XCConfigurationList section */
		D20F46C427D62CCA00B1042E /* Build configuration list for PBXProject "idv.scott.zhtranslate" */ = {
			isa = XCConfigurationList;
			buildConfigurations = (
				D20F471627D62CCC00B1042E /* Debug */,
				D20F471727D62CCC00B1042E /* Release */,
			);
			defaultConfigurationIsVisible = 0;
			defaultConfigurationName = Release;
		};
		D20F471827D62CCC00B1042E /* Build configuration list for PBXNativeTarget "idv.scott.zhtranslate Extension" */ = {
			isa = XCConfigurationList;
			buildConfigurations = (
				D20F471927D62CCC00B1042E /* Debug */,
				D20F471A27D62CCC00B1042E /* Release */,
			);
			defaultConfigurationIsVisible = 0;
			defaultConfigurationName = Release;
		};
		D20F471C27D62CCC00B1042E /* Build configuration list for PBXNativeTarget "idv.scott.zhtranslate" */ = {
			isa = XCConfigurationList;
			buildConfigurations = (
				D20F471D27D62CCC00B1042E /* Debug */,
				D20F471E27D62CCC00B1042E /* Release */,
			);
			defaultConfigurationIsVisible = 0;
			defaultConfigurationName = Release;
		};
		D20F471F27D62CCC00B1042E /* Build configuration list for PBXNativeTarget "idv.scott.zhtranslateTests" */ = {
			isa = XCConfigurationList;
			buildConfigurations = (
				D20F472027D62CCC00B1042E /* Debug */,
				D20F472127D62CCC00B1042E /* Release */,
			);
			defaultConfigurationIsVisible = 0;
			defaultConfigurationName = Release;
		};
		D20F472227D62CCC00B1042E /* Build configuration list for PBXNativeTarget "idv.scott.zhtranslateUITests" */ = {
			isa = XCConfigurationList;
			buildConfigurations = (
				D20F472327D62CCC00B1042E /* Debug */,
				D20F472427D62CCC00B1042E /* Release */,
			);
			defaultConfigurationIsVisible = 0;
			defaultConfigurationName = Release;
		};
/* End XCConfigurationList section */
	};
	rootObject = D20F46C127D62CCA00B1042E /* Project object */;
}
