{
  "object": {
    "pins": [
      {
        "package": "SwiftyOpenCC",
        "repositoryURL": "https://github.com/ddddxxx/SwiftyOpenCC",
        "state": {
          "branch": "master",
          "revision": "1d8105a0f7199c90af722bff62728050c858e777",
          "version": null
        }
      }
    ]
  },
  "version": 1
}
